
Microsoft Visual Studio Solution File, Format Version 12.00
# Visual Studio Version 16
VisualStudioVersion = 16.0.31112.23
MinimumVisualStudioVersion = 10.0.40219.1
Project("{6EC3EE1D-3C4E-46DD-8F32-0CC8E7565705}") = "CurryOn.Actor.Abstractions", "CurryOn.Actor.Abstractions\CurryOn.Actor.Abstractions.fsproj", "{35359196-2A23-486A-ADE0-560427EE1BA5}"
EndProject
Project("{6EC3EE1D-3C4E-46DD-8F32-0CC8E7565705}") = "CurryOn.Actor.Mailbox.Common", "CurryOn.Actor.Mailbox.Common\CurryOn.Actor.Mailbox.Common.fsproj", "{6664BF19-8D6F-4EEE-94E9-8408F4848B55}"
EndProject
Project("{F2A71F9B-5D33-465A-A702-920D77279786}") = "CurryOn.Actor.Mailbox.RabbitMq", "CurryOn.Actor.Mailbox.RabbitMq\CurryOn.Actor.Mailbox.RabbitMq.fsproj", "{0FC42312-D9F9-4D3C-97C9-6A882AD2D54F}"
EndProject
Project("{F2A71F9B-5D33-465A-A702-920D77279786}") = "CurryOn.Actor.Serialization", "CurryOn.Actor.Serialization\CurryOn.Actor.Serialization.fsproj", "{227CFE5B-949D-48FD-B020-96E34C7627DF}"
EndProject
Project("{2150E333-8FDC-42A3-9474-1A3956D46DE8}") = "scripts", "scripts", "{4B02BAFE-5155-4E46-9854-5B28D04CDC46}"
	ProjectSection(SolutionItems) = preProject
		..\scripts\MovePackages.fsx = ..\scripts\MovePackages.fsx
	EndProjectSection
EndProject
Global
	GlobalSection(SolutionConfigurationPlatforms) = preSolution
		Debug|Any CPU = Debug|Any CPU
		Release|Any CPU = Release|Any CPU
	EndGlobalSection
	GlobalSection(ProjectConfigurationPlatforms) = postSolution
		{35359196-2A23-486A-ADE0-560427EE1BA5}.Debug|Any CPU.ActiveCfg = Debug|Any CPU
		{35359196-2A23-486A-ADE0-560427EE1BA5}.Debug|Any CPU.Build.0 = Debug|Any CPU
		{35359196-2A23-486A-ADE0-560427EE1BA5}.Release|Any CPU.ActiveCfg = Release|Any CPU
		{35359196-2A23-486A-ADE0-560427EE1BA5}.Release|Any CPU.Build.0 = Release|Any CPU
		{6664BF19-8D6F-4EEE-94E9-8408F4848B55}.Debug|Any CPU.ActiveCfg = Debug|Any CPU
		{6664BF19-8D6F-4EEE-94E9-8408F4848B55}.Debug|Any CPU.Build.0 = Debug|Any CPU
		{6664BF19-8D6F-4EEE-94E9-8408F4848B55}.Release|Any CPU.ActiveCfg = Release|Any CPU
		{6664BF19-8D6F-4EEE-94E9-8408F4848B55}.Release|Any CPU.Build.0 = Release|Any CPU
		{0FC42312-D9F9-4D3C-97C9-6A882AD2D54F}.Debug|Any CPU.ActiveCfg = Debug|Any CPU
		{0FC42312-D9F9-4D3C-97C9-6A882AD2D54F}.Debug|Any CPU.Build.0 = Debug|Any CPU
		{0FC42312-D9F9-4D3C-97C9-6A882AD2D54F}.Release|Any CPU.ActiveCfg = Release|Any CPU
		{0FC42312-D9F9-4D3C-97C9-6A882AD2D54F}.Release|Any CPU.Build.0 = Release|Any CPU
		{227CFE5B-949D-48FD-B020-96E34C7627DF}.Debug|Any CPU.ActiveCfg = Debug|Any CPU
		{227CFE5B-949D-48FD-B020-96E34C7627DF}.Debug|Any CPU.Build.0 = Debug|Any CPU
		{227CFE5B-949D-48FD-B020-96E34C7627DF}.Release|Any CPU.ActiveCfg = Release|Any CPU
		{227CFE5B-949D-48FD-B020-96E34C7627DF}.Release|Any CPU.Build.0 = Release|Any CPU
	EndGlobalSection
	GlobalSection(SolutionProperties) = preSolution
		HideSolutionNode = FALSE
	EndGlobalSection
	GlobalSection(ExtensibilityGlobals) = postSolution
		SolutionGuid = {D29BD1D4-6174-47E8-85DE-53DEC8CB3F11}
	EndGlobalSection
EndGlobal
